<Solution>
  <Configurations>
    <Platform Name="Any CPU" />
    <Platform Name="ARM64" />
    <Platform Name="x64" />
    <Platform Name="x86" />
  </Configurations>
  <Folder Name="/Bootstrapped/">
    <Project Path="MsiPackage1/MsiPackage1.wixproj" Type="b7dd6f7e-def8-4e67-b5b7-07ef123db6f0" Id="c48c3f41-eb2a-4235-8b93-e8478403a71e">
      <Platform Solution="*|Any CPU" Project="x64" />
    </Project>
    <Project Path="MsiPackage2/MsiPackage2.wixproj" Type="b7dd6f7e-def8-4e67-b5b7-07ef123db6f0" Id="28c3167e-22bb-4dee-94ba-48f840a4f22e">
      <Platform Solution="*|Any CPU" Project="x64" />
    </Project>
    <Project Path="MsiPackage3/MsiPackage3.wixproj" Type="b7dd6f7e-def8-4e67-b5b7-07ef123db6f0" Id="dcac1475-450a-42d4-930a-6df36201723b">
      <Platform Solution="*|Any CPU" Project="x64" />
    </Project>
    <Project Path="WixAppSetup/WixAppSetup.wixproj" Type="b7dd6f7e-def8-4e67-b5b7-07ef123db6f0" Id="992d3ce2-e29f-4e0f-80d2-9131029b8ded">
      <Platform Solution="*|Any CPU" Project="x64" />
    </Project>
  </Folder>
  <Project Path="AspNetCoreLibPackage/AspNetCoreLibPackage.wixproj" Type="b7dd6f7e-def8-4e67-b5b7-07ef123db6f0">
    <Platform Solution="*|Any CPU" Project="x64" />
  </Project>
  <Project Path="PortValidationCA/PortValidationCA.csproj" Id="9804848f-b95c-496b-95fe-198af998abc7" />
  <Project Path="SampleCOMComponent/SampleCOMComponent.vcxproj">
    <Platform Solution="*|ARM64" Project="x64" />
  </Project>
  <Project Path="SampleCOMComponentPS/SampleCOMComponentPS.vcxproj">
    <BuildDependency Project="SampleCOMComponent/SampleCOMComponent.vcxproj" />
    <Platform Solution="*|ARM64" Project="x64" />
    <Build Project="false" />
  </Project>
  <Project Path="SamplegRPCService/SamplegRPCService.csproj" Id="9ce7982e-49c7-4999-ad72-215e4cdca3e9" />
  <Project Path="SampleMVCWebApp/SampleMVCWebApp.csproj" />
  <Project Path="SampleWPFApp/SampleWPFApp.csproj" />
  <Project Path="SimplePackage/SimplePackage.wixproj" Type="b7dd6f7e-def8-4e67-b5b7-07ef123db6f0">
    <Platform Solution="*|Any CPU" Project="x64" />
  </Project>
  <Project Path="WixAspNetMvcSetup/WixAspNetMvcSetup.wixproj" Type="b7dd6f7e-def8-4e67-b5b7-07ef123db6f0">
    <Platform Solution="*|Any CPU" Project="x64" />
  </Project>
  <Project Path="WixCOMSetup/WixCOMSetup.wixproj" Type="b7dd6f7e-def8-4e67-b5b7-07ef123db6f0" Id="f7f4778f-fe31-44d9-a2e3-6777e009558e">
    <Platform Solution="*|Any CPU" Project="x64" />
  </Project>
  <Project Path="WixGrpcServiceInstaller/WixGrpcServiceInstaller.wixproj" Type="b7dd6f7e-def8-4e67-b5b7-07ef123db6f0" Id="0cfc23b0-eb4e-48c8-8f3a-0f9af36840c1">
    <Platform Solution="*|Any CPU" Project="x64" />
  </Project>
  <Project Path="WixMvcMergeModule/WixMvcMergeModule.wixproj" Type="b7dd6f7e-def8-4e67-b5b7-07ef123db6f0">
    <Platform Solution="*|Any CPU" Project="x64" />
  </Project>
  <Project Path="WIxNodeJsSetup/WIxNodeJsSetup.wixproj" Type="b7dd6f7e-def8-4e67-b5b7-07ef123db6f0" Id="1de30671-d484-402b-8cf1-b1a37577cf76">
    <Platform Solution="*|Any CPU" Project="x64" />
  </Project>
  <Project Path="WixWPFSetup/WixWPFSetup.wixproj" Type="b7dd6f7e-def8-4e67-b5b7-07ef123db6f0">
    <Platform Solution="*|Any CPU" Project="x64" />
  </Project>
  <Project Path="WixWPFSetupV2/WixWPFSetupV2.wixproj" Type="b7dd6f7e-def8-4e67-b5b7-07ef123db6f0" Id="9ee81e98-f3d5-41e7-9d0a-4e0209063401">
    <Platform Solution="*|Any CPU" Project="x64" />
  </Project>
</Solution>
